// !$*UTF8*$!
{
	archiveVersion = 1;
	classes = {
	};
	objectVersion = 46;
	objects = {

/* Begin PBXBuildFile section */
		BB68858E4AE0E2CB7F415AE2 /* Pods_function.framework in Frameworks */ = {isa = PBXBuildFile; fileRef = A075049DAD82A01A6C6A48BA /* Pods_function.framework */; };
		D0078AA21EC451E800C228B9 /* AppDelegate.swift in Sources */ = {isa = PBXBuildFile; fileRef = D0078AA11EC451E800C228B9 /* AppDelegate.swift */; };
		D0078AA41EC451E800C228B9 /* ViewController.swift in Sources */ = {isa = PBXBuildFile; fileRef = D0078AA31EC451E800C228B9 /* ViewController.swift */; };
		D0078AA71EC451E800C228B9 /* Main.storyboard in Resources */ = {isa = PBXBuildFile; fileRef = D0078AA51EC451E800C228B9 /* Main.storyboard */; };
		D0078AA91EC451E800C228B9 /* Assets.xcassets in Resources */ = {isa = PBXBuildFile; fileRef = D0078AA81EC451E800C228B9 /* Assets.xcassets */; };
		D0078AAC1EC451E800C228B9 /* LaunchScreen.storyboard in Resources */ = {isa = PBXBuildFile; fileRef = D0078AAA1EC451E800C228B9 /* LaunchScreen.storyboard */; };
		D0078AB41EC451F900C228B9 /* helper.swift in Sources */ = {isa = PBXBuildFile; fileRef = D0078AB31EC451F900C228B9 /* helper.swift */; };
/* End PBXBuildFile section */

/* Begin PBXFileReference section */
		497EC0528E5C452E718B9083 /* Pods-function.release.xcconfig */ = {isa = PBXFileReference; includeInIndex = 1; lastKnownFileType = text.xcconfig; name = "Pods-function.release.xcconfig"; path = "Pods/Target Support Files/Pods-function/Pods-function.release.xcconfig"; sourceTree = "<group>"; };
		A075049DAD82A01A6C6A48BA /* Pods_function.framework */ = {isa = PBXFileReference; explicitFileType = wrapper.framework; includeInIndex = 0; path = Pods_function.framework; sourceTree = BUILT_PRODUCTS_DIR; };
		D0078A9E1EC451E800C228B9 /* function.app */ = {isa = PBXFileReference; explicitFileType = wrapper.application; includeInIndex = 0; path = function.app; sourceTree = BUILT_PRODUCTS_DIR; };
		D0078AA11EC451E800C228B9 /* AppDelegate.swift */ = {isa = PBXFileReference; lastKnownFileType = sourcecode.swift; path = AppDelegate.swift; sourceTree = "<group>"; };
		D0078AA31EC451E800C228B9 /* ViewController.swift */ = {isa = PBXFileReference; lastKnownFileType = sourcecode.swift; path = ViewController.swift; sourceTree = "<group>"; };
		D0078AA61EC451E800C228B9 /* Base */ = {isa = PBXFileReference; lastKnownFileType = file.storyboard; name = Base; path = Base.lproj/Main.storyboard; sourceTree = "<group>"; };
		D0078AA81EC451E800C228B9 /* Assets.xcassets */ = {isa = PBXFileReference; lastKnownFileType = folder.assetcatalog; path = Assets.xcassets; sourceTree = "<group>"; };
		D0078AAB1EC451E800C228B9 /* Base */ = {isa = PBXFileReference; lastKnownFileType = file.storyboard; name = Base; path = Base.lproj/LaunchScreen.storyboard; sourceTree = "<group>"; };
		D0078AAD1EC451E800C228B9 /* Info.plist */ = {isa = PBXFileReference; lastKnownFileType = text.plist.xml; path = Info.plist; sourceTree = "<group>"; };
		D0078AB31EC451F900C228B9 /* helper.swift */ = {isa = PBXFileReference; fileEncoding = 4; lastKnownFileType = sourcecode.swift; path = helper.swift; sourceTree = "<group>"; };
		D507E28F526EC3314B516921 /* Pods-function.debug.xcconfig */ = {isa = PBXFileReference; includeInIndex = 1; lastKnownFileType = text.xcconfig; name = "Pods-function.debug.xcconfig"; path = "Pods/Target Support Files/Pods-function/Pods-function.debug.xcconfig"; sourceTree = "<group>"; };
/* End PBXFileReference section */

/* Begin PBXFrameworksBuildPhase section */
		D0078A9B1EC451E800C228B9 /* Frameworks */ = {
			isa = PBXFrameworksBuildPhase;
			buildActionMask = 2147483647;
			files = (
				BB68858E4AE0E2CB7F415AE2 /* Pods_function.framework in Frameworks */,
			);
			runOnlyForDeploymentPostprocessing = 0;
		};
/* End PBXFrameworksBuildPhase section */

/* Begin PBXGroup section */
		68CCCA688BADD76A56473154 /* Pods */ = {
			isa = PBXGroup;
			children = (
				D507E28F526EC3314B516921 /* Pods-function.debug.xcconfig */,
				497EC0528E5C452E718B9083 /* Pods-function.release.xcconfig */,
			);
			name = Pods;
			sourceTree = "<group>";
		};
		CADC64171381C302F512116F /* Frameworks */ = {
			isa = PBXGroup;
			children = (
				A075049DAD82A01A6C6A48BA /* Pods_function.framework */,
			);
			name = Frameworks;
			sourceTree = "<group>";
		};
		D0078A951EC451E700C228B9 = {
			isa = PBXGroup;
			children = (
				D0078AA01EC451E800C228B9 /* function */,
				D0078A9F1EC451E800C228B9 /* Products */,
				68CCCA688BADD76A56473154 /* Pods */,
				CADC64171381C302F512116F /* Frameworks */,
			);
			sourceTree = "<group>";
		};
		D0078A9F1EC451E800C228B9 /* Products */ = {
			isa = PBXGroup;
			children = (
				D0078A9E1EC451E800C228B9 /* function.app */,
			);
			name = Products;
			sourceTree = "<group>";
		};
		D0078AA01EC451E800C228B9 /* function */ = {
			isa = PBXGroup;
			children = (
				D0078AA11EC451E800C228B9 /* AppDelegate.swift */,
				D0078AB31EC451F900C228B9 /* helper.swift */,
				D0078AA31EC451E800C228B9 /* ViewController.swift */,
				D0078AA51EC451E800C228B9 /* Main.storyboard */,
				D0078AA81EC451E800C228B9 /* Assets.xcassets */,
				D0078AAA1EC451E800C228B9 /* LaunchScreen.storyboard */,
				D0078AAD1EC451E800C228B9 /* Info.plist */,
			);
			path = function;
			sourceTree = "<group>";
		};
/* End PBXGroup section */

/* Begin PBXNativeTarget section */
		D0078A9D1EC451E800C228B9 /* function */ = {
			isa = PBXNativeTarget;
			buildConfigurationList = D0078AB01EC451E800C228B9 /* Build configuration list for PBXNativeTarget "function" */;
			buildPhases = (
				96627DB8786E1B707DC36D0E /* [CP] Check Pods Manifest.lock */,
				D0078A9A1EC451E800C228B9 /* Sources */,
				D0078A9B1EC451E800C228B9 /* Frameworks */,
				D0078A9C1EC451E800C228B9 /* Resources */,
				BBBBF3239C7EEA3BDC878EC4 /* [CP] Embed Pods Frameworks */,
				276A714E3D22D3EEC64D8146 /* [CP] Copy Pods Resources */,
			);
			buildRules = (
			);
			dependencies = (
			);
			name = function;
			productName = function;
			productReference = D0078A9E1EC451E800C228B9 /* function.app */;
			productType = "com.apple.product-type.application";
		};
/* End PBXNativeTarget section */

/* Begin PBXProject section */
		D0078A961EC451E700C228B9 /* Project object */ = {
			isa = PBXProject;
			attributes = {
				LastSwiftUpdateCheck = 0830;
				LastUpgradeCheck = 0830;
				ORGANIZATIONNAME = "Nikhil Capsitech";
				TargetAttributes = {
					D0078A9D1EC451E800C228B9 = {
						CreatedOnToolsVersion = 8.3.2;
						ProvisioningStyle = Automatic;
					};
				};
			};
			buildConfigurationList = D0078A991EC451E700C228B9 /* Build configuration list for PBXProject "function" */;
			compatibilityVersion = "Xcode 3.2";
			developmentRegion = English;
			hasScannedForEncodings = 0;
			knownRegions = (
				en,
				Base,
			);
			mainGroup = D0078A951EC451E700C228B9;
			productRefGroup = D0078A9F1EC451E800C228B9 /* Products */;
			projectDirPath = "";
			projectRoot = "";
			targets = (
				D0078A9D1EC451E800C228B9 /* function */,
			);
		};
/* End PBXProject section */

/* Begin PBXResourcesBuildPhase section */
		D0078A9C1EC451E800C228B9 /* Resources */ = {
			isa = PBXResourcesBuildPhase;
			buildActionMask = 2147483647;
			files = (
				D0078AAC1EC451E800C228B9 /* LaunchScreen.storyboard in Resources */,
				D0078AA91EC451E800C228B9 /* Assets.xcassets in Resources */,
				D0078AA71EC451E800C228B9 /* Main.storyboard in Resources */,
			);
			runOnlyForDeploymentPostprocessing = 0;
		};
/* End PBXResourcesBuildPhase section */

/* Begin PBXShellScriptBuildPhase section */
		276A714E3D22D3EEC64D8146 /* [CP] Copy Pods Resources */ = {
			isa = PBXShellScriptBuildPhase;
			buildActionMask = 2147483647;
			files = (
			);
			inputPaths = (
			);
			name = "[CP] Copy Pods Resources";
			outputPaths = (
			);
			runOnlyForDeploymentPostprocessing = 0;
			shellPath = /bin/sh;
			shellScript = "\"${SRCROOT}/Pods/Target Support Files/Pods-function/Pods-function-resources.sh\"\n";
			showEnvVarsInLog = 0;
		};
		96627DB8786E1B707DC36D0E /* [CP] Check Pods Manifest.lock */ = {
			isa = PBXShellScriptBuildPhase;
			buildActionMask = 2147483647;
			files = (
			);
			inputPaths = (
			);
			name = "[CP] Check Pods Manifest.lock";
			outputPaths = (
			);
			runOnlyForDeploymentPostprocessing = 0;
			shellPath = /bin/sh;
			shellScript = "diff \"${PODS_PODFILE_DIR_PATH}/Podfile.lock\" \"${PODS_ROOT}/Manifest.lock\" > /dev/null\nif [ $? != 0 ] ; then\n    # print error to STDERR\n    echo \"error: The sandbox is not in sync with the Podfile.lock. Run 'pod install' or update your CocoaPods installation.\" >&2\n    exit 1\nfi\n";
			showEnvVarsInLog = 0;
		};
		BBBBF3239C7EEA3BDC878EC4 /* [CP] Embed Pods Frameworks */ = {
			isa = PBXShellScriptBuildPhase;
			buildActionMask = 2147483647;
			files = (
			);
			inputPaths = (
			);
			name = "[CP] Embed Pods Frameworks";
			outputPaths = (
			);
			runOnlyForDeploymentPostprocessing = 0;
			shellPath = /bin/sh;
			shellScript = "\"${SRCROOT}/Pods/Target Support Files/Pods-function/Pods-function-frameworks.sh\"\n";
			showEnvVarsInLog = 0;
		};
/* End PBXShellScriptBuildPhase section */

/* Begin PBXSourcesBuildPhase section */
		D0078A9A1EC451E800C228B9 /* Sources */ = {
			isa = PBXSourcesBuildPhase;
			buildActionMask = 2147483647;
			files = (
				D0078AB41EC451F900C228B9 /* helper.swift in Sources */,
				D0078AA41EC451E800C228B9 /* ViewController.swift in Sources */,
				D0078AA21EC451E800C228B9 /* AppDelegate.swift in Sources */,
			);
			runOnlyForDeploymentPostprocessing = 0;
		};
/* End PBXSourcesBuildPhase section */

/* Begin PBXVariantGroup section */
		D0078AA51EC451E800C228B9 /* Main.storyboard */ = {
			isa = PBXVariantGroup;
			children = (
				D0078AA61EC451E800C228B9 /* Base */,
			);
			name = Main.storyboard;
			sourceTree = "<group>";
		};
		D0078AAA1EC451E800C228B9 /* LaunchScreen.storyboard */ = {
			isa = PBXVariantGroup;
			children = (
				D0078AAB1EC451E800C228B9 /* Base */,
			);
			name = LaunchScreen.storyboard;
			sourceTree = "<group>";
		};
/* End PBXVariantGroup section */

/* Begin XCBuildConfiguration section */
		D0078AAE1EC451E800C228B9 /* Debug */ = {
			isa = XCBuildConfiguration;
			buildSettings = {
				ALWAYS_SEARCH_USER_PATHS = NO;
				CLANG_ANALYZER_NONNULL = YES;
				CLANG_ANALYZER_NUMBER_OBJECT_CONVERSION = YES_AGGRESSIVE;
				CLANG_CXX_LANGUAGE_STANDARD = "gnu++0x";
				CLANG_CXX_LIBRARY = "libc++";
				CLANG_ENABLE_MODULES = YES;
				CLANG_ENABLE_OBJC_ARC = YES;
				CLANG_WARN_BOOL_CONVERSION = YES;
				CLANG_WARN_CONSTANT_CONVERSION = YES;
				CLANG_WARN_DIRECT_OBJC_ISA_USAGE = YES_ERROR;
				CLANG_WARN_DOCUMENTATION_COMMENTS = YES;
				CLANG_WARN_EMPTY_BODY = YES;
				CLANG_WARN_ENUM_CONVERSION = YES;
				CLANG_WARN_INFINITE_RECURSION = YES;
				CLANG_WARN_INT_CONVERSION = YES;
				CLANG_WARN_OBJC_ROOT_CLASS = YES_ERROR;
				CLANG_WARN_SUSPICIOUS_MOVE = YES;
				CLANG_WARN_UNREACHABLE_CODE = YES;
				CLANG_WARN__DUPLICATE_METHOD_MATCH = YES;
				"CODE_SIGN_IDENTITY[sdk=iphoneos*]" = "iPhone Developer";
				COPY_PHASE_STRIP = NO;
				DEBUG_INFORMATION_FORMAT = dwarf;
				ENABLE_STRICT_OBJC_MSGSEND = YES;
				ENABLE_TESTABILITY = YES;
				GCC_C_LANGUAGE_STANDARD = gnu99;
				GCC_DYNAMIC_NO_PIC = NO;
				GCC_NO_COMMON_BLOCKS = YES;
				GCC_OPTIMIZATION_LEVEL = 0;
				GCC_PREPROCESSOR_DEFINITIONS = (
					"DEBUG=1",
					"$(inherited)",
				);
				GCC_WARN_64_TO_32_BIT_CONVERSION = YES;
				GCC_WARN_ABOUT_RETURN_TYPE = YES_ERROR;
				GCC_WARN_UNDECLARED_SELECTOR = YES;
				GCC_WARN_UNINITIALIZED_AUTOS = YES_AGGRESSIVE;
				GCC_WARN_UNUSED_FUNCTION = YES;
				GCC_WARN_UNUSED_VARIABLE = YES;
				IPHONEOS_DEPLOYMENT_TARGET = 10.3;
				MTL_ENABLE_DEBUG_INFO = YES;
				ONLY_ACTIVE_ARCH = YES;
				SDKROOT = iphoneos;
				SWIFT_ACTIVE_COMPILATION_CONDITIONS = DEBUG;
				SWIFT_OPTIMIZATION_LEVEL = "-Onone";
				TARGETED_DEVICE_FAMILY = "1,2";
			};
			name = Debug;
		};
		D0078AAF1EC451E800C228B9 /* Release */ = {
			isa = XCBuildConfiguration;
			buildSettings = {
				ALWAYS_SEARCH_USER_PATHS = NO;
				CLANG_ANALYZER_NONNULL = YES;
				CLANG_ANALYZER_NUMBER_OBJECT_CONVERSION = YES_AGGRESSIVE;
				CLANG_CXX_LANGUAGE_STANDARD = "gnu++0x";
				CLANG_CXX_LIBRARY = "libc++";
				CLANG_ENABLE_MODULES = YES;
				CLANG_ENABLE_OBJC_ARC = YES;
				CLANG_WARN_BOOL_CONVERSION = YES;
				CLANG_WARN_CONSTANT_CONVERSION = YES;
				CLANG_WARN_DIRECT_OBJC_ISA_USAGE = YES_ERROR;
				CLANG_WARN_DOCUMENTATION_COMMENTS = YES;
				CLANG_WARN_EMPTY_BODY = YES;
				CLANG_WARN_ENUM_CONVERSION = YES;
				CLANG_WARN_INFINITE_RECURSION = YES;
				CLANG_WARN_INT_CONVERSION = YES;
				CLANG_WARN_OBJC_ROOT_CLASS = YES_ERROR;
				CLANG_WARN_SUSPICIOUS_MOVE = YES;
				CLANG_WARN_UNREACHABLE_CODE = YES;
				CLANG_WARN__DUPLICATE_METHOD_MATCH = YES;
				"CODE_SIGN_IDENTITY[sdk=iphoneos*]" = "iPhone Developer";
				COPY_PHASE_STRIP = NO;
				DEBUG_INFORMATION_FORMAT = "dwarf-with-dsym";
				ENABLE_NS_ASSERTIONS = NO;
				ENABLE_STRICT_OBJC_MSGSEND = YES;
				GCC_C_LANGUAGE_STANDARD = gnu99;
				GCC_NO_COMMON_BLOCKS = YES;
				GCC_WARN_64_TO_32_BIT_CONVERSION = YES;
				GCC_WARN_ABOUT_RETURN_TYPE = YES_ERROR;
				GCC_WARN_UNDECLARED_SELECTOR = YES;
				GCC_WARN_UNINITIALIZED_AUTOS = YES_AGGRESSIVE;
				GCC_WARN_UNUSED_FUNCTION = YES;
				GCC_WARN_UNUSED_VARIABLE = YES;
				IPHONEOS_DEPLOYMENT_TARGET = 10.3;
				MTL_ENABLE_DEBUG_INFO = NO;
				SDKROOT = iphoneos;
				SWIFT_OPTIMIZATION_LEVEL = "-Owholemodule";
				TARGETED_DEVICE_FAMILY = "1,2";
				VALIDATE_PRODUCT = YES;
			};
			name = Release;
		};
		D0078AB11EC451E800C228B9 /* Debug */ = {
			isa = XCBuildConfiguration;
			baseConfigurationReference = D507E28F526EC3314B516921 /* Pods-function.debug.xcconfig */;
			buildSettings = {
				ASSETCATALOG_COMPILER_APPICON_NAME = AppIcon;
				INFOPLIST_FILE = function/Info.plist;
				LD_RUNPATH_SEARCH_PATHS = "$(inherited) @executable_path/Frameworks";
				PRODUCT_BUNDLE_IDENTIFIER = com.capsitech.function;
				PRODUCT_NAME = "$(TARGET_NAME)";
				SWIFT_VERSION = 3.0;
			};
			name = Debug;
		};
		D0078AB21EC451E800C228B9 /* Release */ = {
			isa = XCBuildConfiguration;
			baseConfigurationReference = 497EC0528E5C452E718B9083 /* Pods-function.release.xcconfig */;
			buildSettings = {
				ASSETCATALOG_COMPILER_APPICON_NAME = AppIcon;
				INFOPLIST_FILE = function/Info.plist;
				LD_RUNPATH_SEARCH_PATHS = "$(inherited) @executable_path/Frameworks";
				PRODUCT_BUNDLE_IDENTIFIER = com.capsitech.function;
				PRODUCT_NAME = "$(TARGET_NAME)";
				SWIFT_VERSION = 3.0;
			};
			name = Release;
		};
/* End XCBuildConfiguration section */

/* Begin XCConfigurationList section */
		D0078A991EC451E700C228B9 /* Build configuration list for PBXProject "function" */ = {
			isa = XCConfigurationList;
			buildConfigurations = (
				D0078AAE1EC451E800C228B9 /* Debug */,
				D0078AAF1EC451E800C228B9 /* Release */,
			);
			defaultConfigurationIsVisible = 0;
			defaultConfigurationName = Release;
		};
		D0078AB01EC451E800C228B9 /* Build configuration list for PBXNativeTarget "function" */ = {
			isa = XCConfigurationList;
			buildConfigurations = (
				D0078AB11EC451E800C228B9 /* Debug */,
				D0078AB21EC451E800C228B9 /* Release */,
			);
			defaultConfigurationIsVisible = 0;
		};
/* End XCConfigurationList section */
	};
	rootObject = D0078A961EC451E700C228B9 /* Project object */;
}
